
Microsoft Visual Studio Solution File, Format Version 12.00
# Visual Studio 15
Project("{FAE04EC0-301F-11D3-BF4B-00C04F79EFBC}") = "Assembly-CSharp", "Assembly-CSharp.csproj", "{5233E7E1-DBBA-F2F7-1724-18DFD38D74BF}"
EndProject
Project("{FAE04EC0-301F-11D3-BF4B-00C04F79EFBC}") = "Assembly-CSharp-firstpass", "Assembly-CSharp-firstpass.csproj", "{3CABE8B4-2C83-BE58-9A22-25E14D59DBD8}"
EndProject
Project("{FAE04EC0-301F-11D3-BF4B-00C04F79EFBC}") = "Assembly-CSharp-Editor-firstpass", "Assembly-CSharp-Editor-firstpass.csproj", "{ADABEE5C-2CA5-4D0B-C33B-62BC99D20E75}"
EndProject
Project("{FAE04EC0-301F-11D3-BF4B-00C04F79EFBC}") = "Assembly-CSharp-Editor", "Assembly-CSharp-Editor.csproj", "{A3BC916F-B7C9-FF4C-FFE3-1871F939D71E}"
EndProject
Global
	GlobalSection(SolutionConfigurationPlatforms) = preSolution
		Debug|Any CPU = Debug|Any CPU
		Release|Any CPU = Release|Any CPU
	EndGlobalSection
	GlobalSection(ProjectConfigurationPlatforms) = postSolution
		{5233E7E1-DBBA-F2F7-1724-18DFD38D74BF}.Debug|Any CPU.ActiveCfg = Debug|Any CPU
		{5233E7E1-DBBA-F2F7-1724-18DFD38D74BF}.Debug|Any CPU.Build.0 = Debug|Any CPU
		{5233E7E1-DBBA-F2F7-1724-18DFD38D74BF}.Release|Any CPU.ActiveCfg = Release|Any CPU
		{5233E7E1-DBBA-F2F7-1724-18DFD38D74BF}.Release|Any CPU.Build.0 = Release|Any CPU
		{3CABE8B4-2C83-BE58-9A22-25E14D59DBD8}.Debug|Any CPU.ActiveCfg = Debug|Any CPU
		{3CABE8B4-2C83-BE58-9A22-25E14D59DBD8}.Debug|Any CPU.Build.0 = Debug|Any CPU
		{3CABE8B4-2C83-BE58-9A22-25E14D59DBD8}.Release|Any CPU.ActiveCfg = Release|Any CPU
		{3CABE8B4-2C83-BE58-9A22-25E14D59DBD8}.Release|Any CPU.Build.0 = Release|Any CPU
		{ADABEE5C-2CA5-4D0B-C33B-62BC99D20E75}.Debug|Any CPU.ActiveCfg = Debug|Any CPU
		{ADABEE5C-2CA5-4D0B-C33B-62BC99D20E75}.Debug|Any CPU.Build.0 = Debug|Any CPU
		{ADABEE5C-2CA5-4D0B-C33B-62BC99D20E75}.Release|Any CPU.ActiveCfg = Release|Any CPU
		{ADABEE5C-2CA5-4D0B-C33B-62BC99D20E75}.Release|Any CPU.Build.0 = Release|Any CPU
		{A3BC916F-B7C9-FF4C-FFE3-1871F939D71E}.Debug|Any CPU.ActiveCfg = Debug|Any CPU
		{A3BC916F-B7C9-FF4C-FFE3-1871F939D71E}.Debug|Any CPU.Build.0 = Debug|Any CPU
		{A3BC916F-B7C9-FF4C-FFE3-1871F939D71E}.Release|Any CPU.ActiveCfg = Release|Any CPU
		{A3BC916F-B7C9-FF4C-FFE3-1871F939D71E}.Release|Any CPU.Build.0 = Release|Any CPU
	EndGlobalSection
	GlobalSection(SolutionProperties) = preSolution
		HideSolutionNode = FALSE
	EndGlobalSection
EndGlobal
