
Microsoft Visual Studio Solution File, Format Version 12.00
# Visual Studio 2017
Project("{FAE04EC0-301F-11D3-BF4B-00C04F79EFBC}") = "가영_0417", "가영_0417.csproj", "{7A062B3A-3D8B-77B5-B7E5-330A48E9E938}"
EndProject
Project("{FAE04EC0-301F-11D3-BF4B-00C04F79EFBC}") = "가영_0417", "가영_0417.csproj", "{7A062B3A-3D8B-77B5-B7E5-330A48E9E938}"
EndProject
Project("{FAE04EC0-301F-11D3-BF4B-00C04F79EFBC}") = "가영_0417", "가영_0417.csproj", "{7A062B3A-3D8B-77B5-B7E5-330A48E9E938}"
EndProject
Project("{FAE04EC0-301F-11D3-BF4B-00C04F79EFBC}") = "가영_0417", "가영_0417.csproj", "{7A062B3A-3D8B-77B5-B7E5-330A48E9E938}"
EndProject
Project("{FAE04EC0-301F-11D3-BF4B-00C04F79EFBC}") = "가영_0417", "가영_0417.csproj", "{7A062B3A-3D8B-77B5-B7E5-330A48E9E938}"
EndProject
Project("{FAE04EC0-301F-11D3-BF4B-00C04F79EFBC}") = "가영_0417.Editor", "가영_0417.Editor.csproj", "{59413C6C-C3A8-61C6-E652-5AE1FE1CD3EA}"
EndProject
Project("{FAE04EC0-301F-11D3-BF4B-00C04F79EFBC}") = "가영_0417.Editor", "가영_0417.Editor.csproj", "{59413C6C-C3A8-61C6-E652-5AE1FE1CD3EA}"
EndProject
Project("{FAE04EC0-301F-11D3-BF4B-00C04F79EFBC}") = "가영_0417.Editor", "가영_0417.Editor.csproj", "{59413C6C-C3A8-61C6-E652-5AE1FE1CD3EA}"
EndProject
Project("{FAE04EC0-301F-11D3-BF4B-00C04F79EFBC}") = "가영_0417.Editor", "가영_0417.Editor.csproj", "{59413C6C-C3A8-61C6-E652-5AE1FE1CD3EA}"
EndProject
Project("{FAE04EC0-301F-11D3-BF4B-00C04F79EFBC}") = "가영_0417.Editor", "가영_0417.Editor.csproj", "{59413C6C-C3A8-61C6-E652-5AE1FE1CD3EA}"
EndProject
Project("{FAE04EC0-301F-11D3-BF4B-00C04F79EFBC}") = "가영_0417.Editor", "가영_0417.Editor.csproj", "{59413C6C-C3A8-61C6-E652-5AE1FE1CD3EA}"
EndProject
Project("{FAE04EC0-301F-11D3-BF4B-00C04F79EFBC}") = "가영_0417.Editor", "가영_0417.Editor.csproj", "{59413C6C-C3A8-61C6-E652-5AE1FE1CD3EA}"
EndProject
Global
	GlobalSection(SolutionConfigurationPlatforms) = preSolution
		Debug|Any CPU = Debug|Any CPU
		Release|Any CPU = Release|Any CPU
	EndGlobalSection
	GlobalSection(ProjectConfigurationPlatforms) = postSolution
		{7A062B3A-3D8B-77B5-B7E5-330A48E9E938}.Debug|Any CPU.ActiveCfg = Debug|Any CPU
		{7A062B3A-3D8B-77B5-B7E5-330A48E9E938}.Debug|Any CPU.Build.0 = Debug|Any CPU
		{7A062B3A-3D8B-77B5-B7E5-330A48E9E938}.Release|Any CPU.ActiveCfg = Release|Any CPU
		{7A062B3A-3D8B-77B5-B7E5-330A48E9E938}.Release|Any CPU.Build.0 = Release|Any CPU
		{7A062B3A-3D8B-77B5-B7E5-330A48E9E938}.Debug|Any CPU.ActiveCfg = Debug|Any CPU
		{7A062B3A-3D8B-77B5-B7E5-330A48E9E938}.Debug|Any CPU.Build.0 = Debug|Any CPU
		{7A062B3A-3D8B-77B5-B7E5-330A48E9E938}.Release|Any CPU.ActiveCfg = Release|Any CPU
		{7A062B3A-3D8B-77B5-B7E5-330A48E9E938}.Release|Any CPU.Build.0 = Release|Any CPU
		{7A062B3A-3D8B-77B5-B7E5-330A48E9E938}.Debug|Any CPU.ActiveCfg = Debug|Any CPU
		{7A062B3A-3D8B-77B5-B7E5-330A48E9E938}.Debug|Any CPU.Build.0 = Debug|Any CPU
		{7A062B3A-3D8B-77B5-B7E5-330A48E9E938}.Release|Any CPU.ActiveCfg = Release|Any CPU
		{7A062B3A-3D8B-77B5-B7E5-330A48E9E938}.Release|Any CPU.Build.0 = Release|Any CPU
		{7A062B3A-3D8B-77B5-B7E5-330A48E9E938}.Debug|Any CPU.ActiveCfg = Debug|Any CPU
		{7A062B3A-3D8B-77B5-B7E5-330A48E9E938}.Debug|Any CPU.Build.0 = Debug|Any CPU
		{7A062B3A-3D8B-77B5-B7E5-330A48E9E938}.Release|Any CPU.ActiveCfg = Release|Any CPU
		{7A062B3A-3D8B-77B5-B7E5-330A48E9E938}.Release|Any CPU.Build.0 = Release|Any CPU
		{7A062B3A-3D8B-77B5-B7E5-330A48E9E938}.Debug|Any CPU.ActiveCfg = Debug|Any CPU
		{7A062B3A-3D8B-77B5-B7E5-330A48E9E938}.Debug|Any CPU.Build.0 = Debug|Any CPU
		{7A062B3A-3D8B-77B5-B7E5-330A48E9E938}.Release|Any CPU.ActiveCfg = Release|Any CPU
		{7A062B3A-3D8B-77B5-B7E5-330A48E9E938}.Release|Any CPU.Build.0 = Release|Any CPU
		{59413C6C-C3A8-61C6-E652-5AE1FE1CD3EA}.Debug|Any CPU.ActiveCfg = Debug|Any CPU
		{59413C6C-C3A8-61C6-E652-5AE1FE1CD3EA}.Debug|Any CPU.Build.0 = Debug|Any CPU
		{59413C6C-C3A8-61C6-E652-5AE1FE1CD3EA}.Release|Any CPU.ActiveCfg = Release|Any CPU
		{59413C6C-C3A8-61C6-E652-5AE1FE1CD3EA}.Release|Any CPU.Build.0 = Release|Any CPU
		{59413C6C-C3A8-61C6-E652-5AE1FE1CD3EA}.Debug|Any CPU.ActiveCfg = Debug|Any CPU
		{59413C6C-C3A8-61C6-E652-5AE1FE1CD3EA}.Debug|Any CPU.Build.0 = Debug|Any CPU
		{59413C6C-C3A8-61C6-E652-5AE1FE1CD3EA}.Release|Any CPU.ActiveCfg = Release|Any CPU
		{59413C6C-C3A8-61C6-E652-5AE1FE1CD3EA}.Release|Any CPU.Build.0 = Release|Any CPU
		{59413C6C-C3A8-61C6-E652-5AE1FE1CD3EA}.Debug|Any CPU.ActiveCfg = Debug|Any CPU
		{59413C6C-C3A8-61C6-E652-5AE1FE1CD3EA}.Debug|Any CPU.Build.0 = Debug|Any CPU
		{59413C6C-C3A8-61C6-E652-5AE1FE1CD3EA}.Release|Any CPU.ActiveCfg = Release|Any CPU
		{59413C6C-C3A8-61C6-E652-5AE1FE1CD3EA}.Release|Any CPU.Build.0 = Release|Any CPU
		{59413C6C-C3A8-61C6-E652-5AE1FE1CD3EA}.Debug|Any CPU.ActiveCfg = Debug|Any CPU
		{59413C6C-C3A8-61C6-E652-5AE1FE1CD3EA}.Debug|Any CPU.Build.0 = Debug|Any CPU
		{59413C6C-C3A8-61C6-E652-5AE1FE1CD3EA}.Release|Any CPU.ActiveCfg = Release|Any CPU
		{59413C6C-C3A8-61C6-E652-5AE1FE1CD3EA}.Release|Any CPU.Build.0 = Release|Any CPU
		{59413C6C-C3A8-61C6-E652-5AE1FE1CD3EA}.Debug|Any CPU.ActiveCfg = Debug|Any CPU
		{59413C6C-C3A8-61C6-E652-5AE1FE1CD3EA}.Debug|Any CPU.Build.0 = Debug|Any CPU
		{59413C6C-C3A8-61C6-E652-5AE1FE1CD3EA}.Release|Any CPU.ActiveCfg = Release|Any CPU
		{59413C6C-C3A8-61C6-E652-5AE1FE1CD3EA}.Release|Any CPU.Build.0 = Release|Any CPU
		{59413C6C-C3A8-61C6-E652-5AE1FE1CD3EA}.Debug|Any CPU.ActiveCfg = Debug|Any CPU
		{59413C6C-C3A8-61C6-E652-5AE1FE1CD3EA}.Debug|Any CPU.Build.0 = Debug|Any CPU
		{59413C6C-C3A8-61C6-E652-5AE1FE1CD3EA}.Release|Any CPU.ActiveCfg = Release|Any CPU
		{59413C6C-C3A8-61C6-E652-5AE1FE1CD3EA}.Release|Any CPU.Build.0 = Release|Any CPU
		{59413C6C-C3A8-61C6-E652-5AE1FE1CD3EA}.Debug|Any CPU.ActiveCfg = Debug|Any CPU
		{59413C6C-C3A8-61C6-E652-5AE1FE1CD3EA}.Debug|Any CPU.Build.0 = Debug|Any CPU
		{59413C6C-C3A8-61C6-E652-5AE1FE1CD3EA}.Release|Any CPU.ActiveCfg = Release|Any CPU
		{59413C6C-C3A8-61C6-E652-5AE1FE1CD3EA}.Release|Any CPU.Build.0 = Release|Any CPU
	EndGlobalSection
	GlobalSection(SolutionProperties) = preSolution
		HideSolutionNode = FALSE
	EndGlobalSection
EndGlobal
